PODS:
  - Flutter (1.0.0)
  - flutter_arcface_plugin (0.0.1):
    - Flutter

DEPENDENCIES:
  - Flutter (from `Flutter`)
  - flutter_arcface_plugin (from `.symlinks/plugins/flutter_arcface_plugin/ios`)

EXTERNAL SOURCES:
  Flutter:
    :path: Flutter
  flutter_arcface_plugin:
    :path: ".symlinks/plugins/flutter_arcface_plugin/ios"

SPEC CHECKSUMS:
  Flutter: 0e3d915762c693b495b44d77113d4970485de6ec
  flutter_arcface_plugin: ce58de29fe126ec1b18a0b1bb73bfd50c3f61bb5

PODFILE CHECKSUM: f32fb4e7c14f8b3ca19a369d7be425dd9241af27

COCOAPODS: 1.8.4
